// !$*UTF8*$!
{
	archiveVersion = 1;
	classes = {
	};
	objectVersion = 50;
	objects = {

/* Begin PBXBuildFile section */
		AA30851D25B6658900F4B92B /* AppDelegate.swift in Sources */ = {isa = PBXBuildFile; fileRef = AA30851C25B6658900F4B92B /* AppDelegate.swift */; };
		AA30851F25B6658900F4B92B /* SceneDelegate.swift in Sources */ = {isa = PBXBuildFile; fileRef = AA30851E25B6658900F4B92B /* SceneDelegate.swift */; };
		AA30852125B6658900F4B92B /* ViewController.swift in Sources */ = {isa = PBXBuildFile; fileRef = AA30852025B6658900F4B92B /* ViewController.swift */; };
		AA30852425B6658900F4B92B /* Main.storyboard in Resources */ = {isa = PBXBuildFile; fileRef = AA30852225B6658900F4B92B /* Main.storyboard */; };
		AA30852625B6658A00F4B92B /* Assets.xcassets in Resources */ = {isa = PBXBuildFile; fileRef = AA30852525B6658A00F4B92B /* Assets.xcassets */; };
		AA30852925B6658A00F4B92B /* LaunchScreen.storyboard in Resources */ = {isa = PBXBuildFile; fileRef = AA30852725B6658A00F4B92B /* LaunchScreen.storyboard */; };
		AA30853425B6658A00F4B92B /* Honey_AggregatorTests.swift in Sources */ = {isa = PBXBuildFile; fileRef = AA30853325B6658A00F4B92B /* Honey_AggregatorTests.swift */; };
		AA30853F25B6658A00F4B92B /* Honey_AggregatorUITests.swift in Sources */ = {isa = PBXBuildFile; fileRef = AA30853E25B6658A00F4B92B /* Honey_AggregatorUITests.swift */; };
		AA692BDB25B8D4AC00DA8DD8 /* HiveViewController.swift in Sources */ = {isa = PBXBuildFile; fileRef = AA692BDA25B8D4AC00DA8DD8 /* HiveViewController.swift */; };
		AA692BE025B8DCD200DA8DD8 /* HiveListViewController.swift in Sources */ = {isa = PBXBuildFile; fileRef = AA692BDF25B8DCD200DA8DD8 /* HiveListViewController.swift */; };
/* End PBXBuildFile section */

/* Begin PBXContainerItemProxy section */
		AA30853025B6658A00F4B92B /* PBXContainerItemProxy */ = {
			isa = PBXContainerItemProxy;
			containerPortal = AA30851125B6658900F4B92B /* Project object */;
			proxyType = 1;
			remoteGlobalIDString = AA30851825B6658900F4B92B;
			remoteInfo = "Honey Aggregator";
		};
		AA30853B25B6658A00F4B92B /* PBXContainerItemProxy */ = {
			isa = PBXContainerItemProxy;
			containerPortal = AA30851125B6658900F4B92B /* Project object */;
			proxyType = 1;
			remoteGlobalIDString = AA30851825B6658900F4B92B;
			remoteInfo = "Honey Aggregator";
		};
/* End PBXContainerItemProxy section */

/* Begin PBXFileReference section */
		AA30851925B6658900F4B92B /* Honey Aggregator.app */ = {isa = PBXFileReference; explicitFileType = wrapper.application; includeInIndex = 0; path = "Honey Aggregator.app"; sourceTree = BUILT_PRODUCTS_DIR; };
		AA30851C25B6658900F4B92B /* AppDelegate.swift */ = {isa = PBXFileReference; lastKnownFileType = sourcecode.swift; path = AppDelegate.swift; sourceTree = "<group>"; };
		AA30851E25B6658900F4B92B /* SceneDelegate.swift */ = {isa = PBXFileReference; lastKnownFileType = sourcecode.swift; path = SceneDelegate.swift; sourceTree = "<group>"; };
		AA30852025B6658900F4B92B /* ViewController.swift */ = {isa = PBXFileReference; lastKnownFileType = sourcecode.swift; path = ViewController.swift; sourceTree = "<group>"; };
		AA30852325B6658900F4B92B /* Base */ = {isa = PBXFileReference; lastKnownFileType = file.storyboard; name = Base; path = Base.lproj/Main.storyboard; sourceTree = "<group>"; };
		AA30852525B6658A00F4B92B /* Assets.xcassets */ = {isa = PBXFileReference; lastKnownFileType = folder.assetcatalog; path = Assets.xcassets; sourceTree = "<group>"; };
		AA30852825B6658A00F4B92B /* Base */ = {isa = PBXFileReference; lastKnownFileType = file.storyboard; name = Base; path = Base.lproj/LaunchScreen.storyboard; sourceTree = "<group>"; };
		AA30852A25B6658A00F4B92B /* Info.plist */ = {isa = PBXFileReference; lastKnownFileType = text.plist.xml; path = Info.plist; sourceTree = "<group>"; };
		AA30852F25B6658A00F4B92B /* Honey AggregatorTests.xctest */ = {isa = PBXFileReference; explicitFileType = wrapper.cfbundle; includeInIndex = 0; path = "Honey AggregatorTests.xctest"; sourceTree = BUILT_PRODUCTS_DIR; };
		AA30853325B6658A00F4B92B /* Honey_AggregatorTests.swift */ = {isa = PBXFileReference; lastKnownFileType = sourcecode.swift; path = Honey_AggregatorTests.swift; sourceTree = "<group>"; };
		AA30853525B6658A00F4B92B /* Info.plist */ = {isa = PBXFileReference; lastKnownFileType = text.plist.xml; path = Info.plist; sourceTree = "<group>"; };
		AA30853A25B6658A00F4B92B /* Honey AggregatorUITests.xctest */ = {isa = PBXFileReference; explicitFileType = wrapper.cfbundle; includeInIndex = 0; path = "Honey AggregatorUITests.xctest"; sourceTree = BUILT_PRODUCTS_DIR; };
		AA30853E25B6658A00F4B92B /* Honey_AggregatorUITests.swift */ = {isa = PBXFileReference; lastKnownFileType = sourcecode.swift; path = Honey_AggregatorUITests.swift; sourceTree = "<group>"; };
		AA30854025B6658A00F4B92B /* Info.plist */ = {isa = PBXFileReference; lastKnownFileType = text.plist.xml; path = Info.plist; sourceTree = "<group>"; };
		AA692BDA25B8D4AC00DA8DD8 /* HiveViewController.swift */ = {isa = PBXFileReference; lastKnownFileType = sourcecode.swift; path = HiveViewController.swift; sourceTree = "<group>"; };
		AA692BDF25B8DCD200DA8DD8 /* HiveListViewController.swift */ = {isa = PBXFileReference; lastKnownFileType = sourcecode.swift; path = HiveListViewController.swift; sourceTree = "<group>"; };
/* End PBXFileReference section */

/* Begin PBXFrameworksBuildPhase section */
		AA30851625B6658900F4B92B /* Frameworks */ = {
			isa = PBXFrameworksBuildPhase;
			buildActionMask = 2147483647;
			files = (
			);
			runOnlyForDeploymentPostprocessing = 0;
		};
		AA30852C25B6658A00F4B92B /* Frameworks */ = {
			isa = PBXFrameworksBuildPhase;
			buildActionMask = 2147483647;
			files = (
			);
			runOnlyForDeploymentPostprocessing = 0;
		};
		AA30853725B6658A00F4B92B /* Frameworks */ = {
			isa = PBXFrameworksBuildPhase;
			buildActionMask = 2147483647;
			files = (
			);
			runOnlyForDeploymentPostprocessing = 0;
		};
/* End PBXFrameworksBuildPhase section */

/* Begin PBXGroup section */
		AA30851025B6658900F4B92B = {
			isa = PBXGroup;
			children = (
				AA30851B25B6658900F4B92B /* Honey Aggregator */,
				AA30853225B6658A00F4B92B /* Honey AggregatorTests */,
				AA30853D25B6658A00F4B92B /* Honey AggregatorUITests */,
				AA30851A25B6658900F4B92B /* Products */,
			);
			sourceTree = "<group>";
		};
		AA30851A25B6658900F4B92B /* Products */ = {
			isa = PBXGroup;
			children = (
				AA30851925B6658900F4B92B /* Honey Aggregator.app */,
				AA30852F25B6658A00F4B92B /* Honey AggregatorTests.xctest */,
				AA30853A25B6658A00F4B92B /* Honey AggregatorUITests.xctest */,
			);
			name = Products;
			sourceTree = "<group>";
		};
		AA30851B25B6658900F4B92B /* Honey Aggregator */ = {
			isa = PBXGroup;
			children = (
				AA30851C25B6658900F4B92B /* AppDelegate.swift */,
				AA30851E25B6658900F4B92B /* SceneDelegate.swift */,
				AA30852025B6658900F4B92B /* ViewController.swift */,
				AA30852225B6658900F4B92B /* Main.storyboard */,
				AA692BDF25B8DCD200DA8DD8 /* HiveListViewController.swift */,
				AA692BDA25B8D4AC00DA8DD8 /* HiveViewController.swift */,
				AA30852525B6658A00F4B92B /* Assets.xcassets */,
				AA30852725B6658A00F4B92B /* LaunchScreen.storyboard */,
				AA30852A25B6658A00F4B92B /* Info.plist */,
			);
			path = "Honey Aggregator";
			sourceTree = "<group>";
		};
		AA30853225B6658A00F4B92B /* Honey AggregatorTests */ = {
			isa = PBXGroup;
			children = (
				AA30853325B6658A00F4B92B /* Honey_AggregatorTests.swift */,
				AA30853525B6658A00F4B92B /* Info.plist */,
			);
			path = "Honey AggregatorTests";
			sourceTree = "<group>";
		};
		AA30853D25B6658A00F4B92B /* Honey AggregatorUITests */ = {
			isa = PBXGroup;
			children = (
				AA30853E25B6658A00F4B92B /* Honey_AggregatorUITests.swift */,
				AA30854025B6658A00F4B92B /* Info.plist */,
			);
			path = "Honey AggregatorUITests";
			sourceTree = "<group>";
		};
/* End PBXGroup section */

/* Begin PBXNativeTarget section */
		AA30851825B6658900F4B92B /* Honey Aggregator */ = {
			isa = PBXNativeTarget;
			buildConfigurationList = AA30854325B6658A00F4B92B /* Build configuration list for PBXNativeTarget "Honey Aggregator" */;
			buildPhases = (
				AA30851525B6658900F4B92B /* Sources */,
				AA30851625B6658900F4B92B /* Frameworks */,
				AA30851725B6658900F4B92B /* Resources */,
			);
			buildRules = (
			);
			dependencies = (
			);
			name = "Honey Aggregator";
			productName = "Honey Aggregator";
			productReference = AA30851925B6658900F4B92B /* Honey Aggregator.app */;
			productType = "com.apple.product-type.application";
		};
		AA30852E25B6658A00F4B92B /* Honey AggregatorTests */ = {
			isa = PBXNativeTarget;
			buildConfigurationList = AA30854625B6658A00F4B92B /* Build configuration list for PBXNativeTarget "Honey AggregatorTests" */;
			buildPhases = (
				AA30852B25B6658A00F4B92B /* Sources */,
				AA30852C25B6658A00F4B92B /* Frameworks */,
				AA30852D25B6658A00F4B92B /* Resources */,
			);
			buildRules = (
			);
			dependencies = (
				AA30853125B6658A00F4B92B /* PBXTargetDependency */,
			);
			name = "Honey AggregatorTests";
			productName = "Honey AggregatorTests";
			productReference = AA30852F25B6658A00F4B92B /* Honey AggregatorTests.xctest */;
			productType = "com.apple.product-type.bundle.unit-test";
		};
		AA30853925B6658A00F4B92B /* Honey AggregatorUITests */ = {
			isa = PBXNativeTarget;
			buildConfigurationList = AA30854925B6658A00F4B92B /* Build configuration list for PBXNativeTarget "Honey AggregatorUITests" */;
			buildPhases = (
				AA30853625B6658A00F4B92B /* Sources */,
				AA30853725B6658A00F4B92B /* Frameworks */,
				AA30853825B6658A00F4B92B /* Resources */,
			);
			buildRules = (
			);
			dependencies = (
				AA30853C25B6658A00F4B92B /* PBXTargetDependency */,
			);
			name = "Honey AggregatorUITests";
			productName = "Honey AggregatorUITests";
			productReference = AA30853A25B6658A00F4B92B /* Honey AggregatorUITests.xctest */;
			productType = "com.apple.product-type.bundle.ui-testing";
		};
/* End PBXNativeTarget section */

/* Begin PBXProject section */
		AA30851125B6658900F4B92B /* Project object */ = {
			isa = PBXProject;
			attributes = {
				LastSwiftUpdateCheck = 1210;
				LastUpgradeCheck = 1210;
				TargetAttributes = {
					AA30851825B6658900F4B92B = {
						CreatedOnToolsVersion = 12.1;
					};
					AA30852E25B6658A00F4B92B = {
						CreatedOnToolsVersion = 12.1;
						TestTargetID = AA30851825B6658900F4B92B;
					};
					AA30853925B6658A00F4B92B = {
						CreatedOnToolsVersion = 12.1;
						TestTargetID = AA30851825B6658900F4B92B;
					};
				};
			};
			buildConfigurationList = AA30851425B6658900F4B92B /* Build configuration list for PBXProject "Honey Aggregator" */;
			compatibilityVersion = "Xcode 9.3";
			developmentRegion = en;
			hasScannedForEncodings = 0;
			knownRegions = (
				en,
				Base,
			);
			mainGroup = AA30851025B6658900F4B92B;
			productRefGroup = AA30851A25B6658900F4B92B /* Products */;
			projectDirPath = "";
			projectRoot = "";
			targets = (
				AA30851825B6658900F4B92B /* Honey Aggregator */,
				AA30852E25B6658A00F4B92B /* Honey AggregatorTests */,
				AA30853925B6658A00F4B92B /* Honey AggregatorUITests */,
			);
		};
/* End PBXProject section */

/* Begin PBXResourcesBuildPhase section */
		AA30851725B6658900F4B92B /* Resources */ = {
			isa = PBXResourcesBuildPhase;
			buildActionMask = 2147483647;
			files = (
				AA30852925B6658A00F4B92B /* LaunchScreen.storyboard in Resources */,
				AA30852625B6658A00F4B92B /* Assets.xcassets in Resources */,
				AA30852425B6658900F4B92B /* Main.storyboard in Resources */,
			);
			runOnlyForDeploymentPostprocessing = 0;
		};
		AA30852D25B6658A00F4B92B /* Resources */ = {
			isa = PBXResourcesBuildPhase;
			buildActionMask = 2147483647;
			files = (
			);
			runOnlyForDeploymentPostprocessing = 0;
		};
		AA30853825B6658A00F4B92B /* Resources */ = {
			isa = PBXResourcesBuildPhase;
			buildActionMask = 2147483647;
			files = (
			);
			runOnlyForDeploymentPostprocessing = 0;
		};
/* End PBXResourcesBuildPhase section */

/* Begin PBXSourcesBuildPhase section */
		AA30851525B6658900F4B92B /* Sources */ = {
			isa = PBXSourcesBuildPhase;
			buildActionMask = 2147483647;
			files = (
				AA30852125B6658900F4B92B /* ViewController.swift in Sources */,
				AA692BE025B8DCD200DA8DD8 /* HiveListViewController.swift in Sources */,
				AA30851D25B6658900F4B92B /* AppDelegate.swift in Sources */,
				AA692BDB25B8D4AC00DA8DD8 /* HiveViewController.swift in Sources */,
				AA30851F25B6658900F4B92B /* SceneDelegate.swift in Sources */,
			);
			runOnlyForDeploymentPostprocessing = 0;
		};
		AA30852B25B6658A00F4B92B /* Sources */ = {
			isa = PBXSourcesBuildPhase;
			buildActionMask = 2147483647;
			files = (
				AA30853425B6658A00F4B92B /* Honey_AggregatorTests.swift in Sources */,
			);
			runOnlyForDeploymentPostprocessing = 0;
		};
		AA30853625B6658A00F4B92B /* Sources */ = {
			isa = PBXSourcesBuildPhase;
			buildActionMask = 2147483647;
			files = (
				AA30853F25B6658A00F4B92B /* Honey_AggregatorUITests.swift in Sources */,
			);
			runOnlyForDeploymentPostprocessing = 0;
		};
/* End PBXSourcesBuildPhase section */

/* Begin PBXTargetDependency section */
		AA30853125B6658A00F4B92B /* PBXTargetDependency */ = {
			isa = PBXTargetDependency;
			target = AA30851825B6658900F4B92B /* Honey Aggregator */;
			targetProxy = AA30853025B6658A00F4B92B /* PBXContainerItemProxy */;
		};
		AA30853C25B6658A00F4B92B /* PBXTargetDependency */ = {
			isa = PBXTargetDependency;
			target = AA30851825B6658900F4B92B /* Honey Aggregator */;
			targetProxy = AA30853B25B6658A00F4B92B /* PBXContainerItemProxy */;
		};
/* End PBXTargetDependency section */

/* Begin PBXVariantGroup section */
		AA30852225B6658900F4B92B /* Main.storyboard */ = {
			isa = PBXVariantGroup;
			children = (
				AA30852325B6658900F4B92B /* Base */,
			);
			name = Main.storyboard;
			sourceTree = "<group>";
		};
		AA30852725B6658A00F4B92B /* LaunchScreen.storyboard */ = {
			isa = PBXVariantGroup;
			children = (
				AA30852825B6658A00F4B92B /* Base */,
			);
			name = LaunchScreen.storyboard;
			sourceTree = "<group>";
		};
/* End PBXVariantGroup section */

/* Begin XCBuildConfiguration section */
		AA30854125B6658A00F4B92B /* Debug */ = {
			isa = XCBuildConfiguration;
			buildSettings = {
				ALWAYS_SEARCH_USER_PATHS = NO;
				CLANG_ANALYZER_NONNULL = YES;
				CLANG_ANALYZER_NUMBER_OBJECT_CONVERSION = YES_AGGRESSIVE;
				CLANG_CXX_LANGUAGE_STANDARD = "gnu++14";
				CLANG_CXX_LIBRARY = "libc++";
				CLANG_ENABLE_MODULES = YES;
				CLANG_ENABLE_OBJC_ARC = YES;
				CLANG_ENABLE_OBJC_WEAK = YES;
				CLANG_WARN_BLOCK_CAPTURE_AUTORELEASING = YES;
				CLANG_WARN_BOOL_CONVERSION = YES;
				CLANG_WARN_COMMA = YES;
				CLANG_WARN_CONSTANT_CONVERSION = YES;
				CLANG_WARN_DEPRECATED_OBJC_IMPLEMENTATIONS = YES;
				CLANG_WARN_DIRECT_OBJC_ISA_USAGE = YES_ERROR;
				CLANG_WARN_DOCUMENTATION_COMMENTS = YES;
				CLANG_WARN_EMPTY_BODY = YES;
				CLANG_WARN_ENUM_CONVERSION = YES;
				CLANG_WARN_INFINITE_RECURSION = YES;
				CLANG_WARN_INT_CONVERSION = YES;
				CLANG_WARN_NON_LITERAL_NULL_CONVERSION = YES;
				CLANG_WARN_OBJC_IMPLICIT_RETAIN_SELF = YES;
				CLANG_WARN_OBJC_LITERAL_CONVERSION = YES;
				CLANG_WARN_OBJC_ROOT_CLASS = YES_ERROR;
				CLANG_WARN_QUOTED_INCLUDE_IN_FRAMEWORK_HEADER = YES;
				CLANG_WARN_RANGE_LOOP_ANALYSIS = YES;
				CLANG_WARN_STRICT_PROTOTYPES = YES;
				CLANG_WARN_SUSPICIOUS_MOVE = YES;
				CLANG_WARN_UNGUARDED_AVAILABILITY = YES_AGGRESSIVE;
				CLANG_WARN_UNREACHABLE_CODE = YES;
				CLANG_WARN__DUPLICATE_METHOD_MATCH = YES;
				COPY_PHASE_STRIP = NO;
				DEBUG_INFORMATION_FORMAT = dwarf;
				ENABLE_STRICT_OBJC_MSGSEND = YES;
				ENABLE_TESTABILITY = YES;
				GCC_C_LANGUAGE_STANDARD = gnu11;
				GCC_DYNAMIC_NO_PIC = NO;
				GCC_NO_COMMON_BLOCKS = YES;
				GCC_OPTIMIZATION_LEVEL = 0;
				GCC_PREPROCESSOR_DEFINITIONS = (
					"DEBUG=1",
					"$(inherited)",
				);
				GCC_WARN_64_TO_32_BIT_CONVERSION = YES;
				GCC_WARN_ABOUT_RETURN_TYPE = YES_ERROR;
				GCC_WARN_UNDECLARED_SELECTOR = YES;
				GCC_WARN_UNINITIALIZED_AUTOS = YES_AGGRESSIVE;
				GCC_WARN_UNUSED_FUNCTION = YES;
				GCC_WARN_UNUSED_VARIABLE = YES;
				IPHONEOS_DEPLOYMENT_TARGET = 14.1;
				MTL_ENABLE_DEBUG_INFO = INCLUDE_SOURCE;
				MTL_FAST_MATH = YES;
				ONLY_ACTIVE_ARCH = YES;
				SDKROOT = iphoneos;
				SWIFT_ACTIVE_COMPILATION_CONDITIONS = DEBUG;
				SWIFT_OPTIMIZATION_LEVEL = "-Onone";
			};
			name = Debug;
		};
		AA30854225B6658A00F4B92B /* Release */ = {
			isa = XCBuildConfiguration;
			buildSettings = {
				ALWAYS_SEARCH_USER_PATHS = NO;
				CLANG_ANALYZER_NONNULL = YES;
				CLANG_ANALYZER_NUMBER_OBJECT_CONVERSION = YES_AGGRESSIVE;
				CLANG_CXX_LANGUAGE_STANDARD = "gnu++14";
				CLANG_CXX_LIBRARY = "libc++";
				CLANG_ENABLE_MODULES = YES;
				CLANG_ENABLE_OBJC_ARC = YES;
				CLANG_ENABLE_OBJC_WEAK = YES;
				CLANG_WARN_BLOCK_CAPTURE_AUTORELEASING = YES;
				CLANG_WARN_BOOL_CONVERSION = YES;
				CLANG_WARN_COMMA = YES;
				CLANG_WARN_CONSTANT_CONVERSION = YES;
				CLANG_WARN_DEPRECATED_OBJC_IMPLEMENTATIONS = YES;
				CLANG_WARN_DIRECT_OBJC_ISA_USAGE = YES_ERROR;
				CLANG_WARN_DOCUMENTATION_COMMENTS = YES;
				CLANG_WARN_EMPTY_BODY = YES;
				CLANG_WARN_ENUM_CONVERSION = YES;
				CLANG_WARN_INFINITE_RECURSION = YES;
				CLANG_WARN_INT_CONVERSION = YES;
				CLANG_WARN_NON_LITERAL_NULL_CONVERSION = YES;
				CLANG_WARN_OBJC_IMPLICIT_RETAIN_SELF = YES;
				CLANG_WARN_OBJC_LITERAL_CONVERSION = YES;
				CLANG_WARN_OBJC_ROOT_CLASS = YES_ERROR;
				CLANG_WARN_QUOTED_INCLUDE_IN_FRAMEWORK_HEADER = YES;
				CLANG_WARN_RANGE_LOOP_ANALYSIS = YES;
				CLANG_WARN_STRICT_PROTOTYPES = YES;
				CLANG_WARN_SUSPICIOUS_MOVE = YES;
				CLANG_WARN_UNGUARDED_AVAILABILITY = YES_AGGRESSIVE;
				CLANG_WARN_UNREACHABLE_CODE = YES;
				CLANG_WARN__DUPLICATE_METHOD_MATCH = YES;
				COPY_PHASE_STRIP = NO;
				DEBUG_INFORMATION_FORMAT = "dwarf-with-dsym";
				ENABLE_NS_ASSERTIONS = NO;
				ENABLE_STRICT_OBJC_MSGSEND = YES;
				GCC_C_LANGUAGE_STANDARD = gnu11;
				GCC_NO_COMMON_BLOCKS = YES;
				GCC_WARN_64_TO_32_BIT_CONVERSION = YES;
				GCC_WARN_ABOUT_RETURN_TYPE = YES_ERROR;
				GCC_WARN_UNDECLARED_SELECTOR = YES;
				GCC_WARN_UNINITIALIZED_AUTOS = YES_AGGRESSIVE;
				GCC_WARN_UNUSED_FUNCTION = YES;
				GCC_WARN_UNUSED_VARIABLE = YES;
				IPHONEOS_DEPLOYMENT_TARGET = 14.1;
				MTL_ENABLE_DEBUG_INFO = NO;
				MTL_FAST_MATH = YES;
				SDKROOT = iphoneos;
				SWIFT_COMPILATION_MODE = wholemodule;
				SWIFT_OPTIMIZATION_LEVEL = "-O";
				VALIDATE_PRODUCT = YES;
			};
			name = Release;
		};
		AA30854425B6658A00F4B92B /* Debug */ = {
			isa = XCBuildConfiguration;
			buildSettings = {
				ASSETCATALOG_COMPILER_APPICON_NAME = AppIcon;
				ASSETCATALOG_COMPILER_GLOBAL_ACCENT_COLOR_NAME = AccentColor;
				CODE_SIGN_STYLE = Automatic;
				INFOPLIST_FILE = "Honey Aggregator/Info.plist";
				LD_RUNPATH_SEARCH_PATHS = (
					"$(inherited)",
					"@executable_path/Frameworks",
				);
				PRODUCT_BUNDLE_IDENTIFIER = "SOU.Honey-Aggregator";
				PRODUCT_NAME = "$(TARGET_NAME)";
				SWIFT_VERSION = 5.0;
				TARGETED_DEVICE_FAMILY = "1,2";
			};
			name = Debug;
		};
		AA30854525B6658A00F4B92B /* Release */ = {
			isa = XCBuildConfiguration;
			buildSettings = {
				ASSETCATALOG_COMPILER_APPICON_NAME = AppIcon;
				ASSETCATALOG_COMPILER_GLOBAL_ACCENT_COLOR_NAME = AccentColor;
				CODE_SIGN_STYLE = Automatic;
				INFOPLIST_FILE = "Honey Aggregator/Info.plist";
				LD_RUNPATH_SEARCH_PATHS = (
					"$(inherited)",
					"@executable_path/Frameworks",
				);
				PRODUCT_BUNDLE_IDENTIFIER = "SOU.Honey-Aggregator";
				PRODUCT_NAME = "$(TARGET_NAME)";
				SWIFT_VERSION = 5.0;
				TARGETED_DEVICE_FAMILY = "1,2";
			};
			name = Release;
		};
		AA30854725B6658A00F4B92B /* Debug */ = {
			isa = XCBuildConfiguration;
			buildSettings = {
				ALWAYS_EMBED_SWIFT_STANDARD_LIBRARIES = YES;
				BUNDLE_LOADER = "$(TEST_HOST)";
				CODE_SIGN_STYLE = Automatic;
				INFOPLIST_FILE = "Honey AggregatorTests/Info.plist";
				IPHONEOS_DEPLOYMENT_TARGET = 14.1;
				LD_RUNPATH_SEARCH_PATHS = (
					"$(inherited)",
					"@executable_path/Frameworks",
					"@loader_path/Frameworks",
				);
				PRODUCT_BUNDLE_IDENTIFIER = "SOU.Honey-AggregatorTests";
				PRODUCT_NAME = "$(TARGET_NAME)";
				SWIFT_VERSION = 5.0;
				TARGETED_DEVICE_FAMILY = "1,2";
				TEST_HOST = "$(BUILT_PRODUCTS_DIR)/Honey Aggregator.app/Honey Aggregator";
			};
			name = Debug;
		};
		AA30854825B6658A00F4B92B /* Release */ = {
			isa = XCBuildConfiguration;
			buildSettings = {
				ALWAYS_EMBED_SWIFT_STANDARD_LIBRARIES = YES;
				BUNDLE_LOADER = "$(TEST_HOST)";
				CODE_SIGN_STYLE = Automatic;
				INFOPLIST_FILE = "Honey AggregatorTests/Info.plist";
				IPHONEOS_DEPLOYMENT_TARGET = 14.1;
				LD_RUNPATH_SEARCH_PATHS = (
					"$(inherited)",
					"@executable_path/Frameworks",
					"@loader_path/Frameworks",
				);
				PRODUCT_BUNDLE_IDENTIFIER = "SOU.Honey-AggregatorTests";
				PRODUCT_NAME = "$(TARGET_NAME)";
				SWIFT_VERSION = 5.0;
				TARGETED_DEVICE_FAMILY = "1,2";
				TEST_HOST = "$(BUILT_PRODUCTS_DIR)/Honey Aggregator.app/Honey Aggregator";
			};
			name = Release;
		};
		AA30854A25B6658A00F4B92B /* Debug */ = {
			isa = XCBuildConfiguration;
			buildSettings = {
				ALWAYS_EMBED_SWIFT_STANDARD_LIBRARIES = YES;
				CODE_SIGN_STYLE = Automatic;
				INFOPLIST_FILE = "Honey AggregatorUITests/Info.plist";
				LD_RUNPATH_SEARCH_PATHS = (
					"$(inherited)",
					"@executable_path/Frameworks",
					"@loader_path/Frameworks",
				);
				PRODUCT_BUNDLE_IDENTIFIER = "SOU.Honey-AggregatorUITests";
				PRODUCT_NAME = "$(TARGET_NAME)";
				SWIFT_VERSION = 5.0;
				TARGETED_DEVICE_FAMILY = "1,2";
				TEST_TARGET_NAME = "Honey Aggregator";
			};
			name = Debug;
		};
		AA30854B25B6658A00F4B92B /* Release */ = {
			isa = XCBuildConfiguration;
			buildSettings = {
				ALWAYS_EMBED_SWIFT_STANDARD_LIBRARIES = YES;
				CODE_SIGN_STYLE = Automatic;
				INFOPLIST_FILE = "Honey AggregatorUITests/Info.plist";
				LD_RUNPATH_SEARCH_PATHS = (
					"$(inherited)",
					"@executable_path/Frameworks",
					"@loader_path/Frameworks",
				);
				PRODUCT_BUNDLE_IDENTIFIER = "SOU.Honey-AggregatorUITests";
				PRODUCT_NAME = "$(TARGET_NAME)";
				SWIFT_VERSION = 5.0;
				TARGETED_DEVICE_FAMILY = "1,2";
				TEST_TARGET_NAME = "Honey Aggregator";
			};
			name = Release;
		};
/* End XCBuildConfiguration section */

/* Begin XCConfigurationList section */
		AA30851425B6658900F4B92B /* Build configuration list for PBXProject "Honey Aggregator" */ = {
			isa = XCConfigurationList;
			buildConfigurations = (
				AA30854125B6658A00F4B92B /* Debug */,
				AA30854225B6658A00F4B92B /* Release */,
			);
			defaultConfigurationIsVisible = 0;
			defaultConfigurationName = Release;
		};
		AA30854325B6658A00F4B92B /* Build configuration list for PBXNativeTarget "Honey Aggregator" */ = {
			isa = XCConfigurationList;
			buildConfigurations = (
				AA30854425B6658A00F4B92B /* Debug */,
				AA30854525B6658A00F4B92B /* Release */,
			);
			defaultConfigurationIsVisible = 0;
			defaultConfigurationName = Release;
		};
		AA30854625B6658A00F4B92B /* Build configuration list for PBXNativeTarget "Honey AggregatorTests" */ = {
			isa = XCConfigurationList;
			buildConfigurations = (
				AA30854725B6658A00F4B92B /* Debug */,
				AA30854825B6658A00F4B92B /* Release */,
			);
			defaultConfigurationIsVisible = 0;
			defaultConfigurationName = Release;
		};
		AA30854925B6658A00F4B92B /* Build configuration list for PBXNativeTarget "Honey AggregatorUITests" */ = {
			isa = XCConfigurationList;
			buildConfigurations = (
				AA30854A25B6658A00F4B92B /* Debug */,
				AA30854B25B6658A00F4B92B /* Release */,
			);
			defaultConfigurationIsVisible = 0;
			defaultConfigurationName = Release;
		};
/* End XCConfigurationList section */
	};
	rootObject = AA30851125B6658900F4B92B /* Project object */;
}
